
Microsoft Visual Studio Solution File, Format Version 12.00
# Visual Studio Version 17
VisualStudioVersion = 17.13.35931.197
MinimumVisualStudioVersion = 10.0.40219.1
Project("{FAE04EC0-301F-11D3-BF4B-00C04F79EFBC}") = "AutoPartsShop.API", "AutoPartsShop.API\AutoPartsShop.API.csproj", "{BAAD720D-A714-488A-BA06-D097E2289E4A}"
EndProject
Project("{FAE04EC0-301F-11D3-BF4B-00C04F79EFBC}") = "AutoPartsShop.Core", "AutoPartsShop.Core\AutoPartsShop.Core.csproj", "{62F11687-2E32-4E3B-8254-8D10BA4EEF60}"
EndProject
Project("{FAE04EC0-301F-11D3-BF4B-00C04F79EFBC}") = "AutoPartsShop.Infrastructure", "AutoPartsShop.Infrastructure\AutoPartsShop.Infrastructure.csproj", "{DFE54CB2-0013-46A2-A31B-3D4B10540C69}"
EndProject
Project("{FAE04EC0-301F-11D3-BF4B-00C04F79EFBC}") = "AutoPartsShop.Domain", "AutoPartsShop.Domain\AutoPartsShop.Domain.csproj", "{630DA4CA-5E88-47D0-897D-62248331B118}"
EndProject
Project("{FAE04EC0-301F-11D3-BF4B-00C04F79EFBC}") = "AutoPartsShop.Identity", "AutoPartsShop.Identity\AutoPartsShop.Identity.csproj", "{014AD504-1257-4230-8C84-DE3B7E287510}"
EndProject
Project("{FAE04EC0-301F-11D3-BF4B-00C04F79EFBC}") = "AutoPartsShop.Mud", "AutoPartsShop.Mud\AutoPartsShop.Mud.csproj", "{1CA80EC2-4348-413A-B593-C8A89D9975E5}"
EndProject
Project("{FAE04EC0-301F-11D3-BF4B-00C04F79EFBC}") = "AutoPartsShop.Wasm", "AutoPartsShop.Wasm\AutoPartsShop.Wasm.csproj", "{D69AEBDB-A3B4-4733-9009-82E1C85ED93D}"
EndProject
Project("{FAE04EC0-301F-11D3-BF4B-00C04F79EFBC}") = "AutoPartsShop.App", "AutoPartsShop.App\AutoPartsShop.App.csproj", "{2799B5EF-EBD1-4459-93FE-F8B97C6B90E7}"
EndProject
Project("{FAE04EC0-301F-11D3-BF4B-00C04F79EFBC}") = "AutoPartsShop.Test", "AutoPartsShop.Test\AutoPartsShop.Test.csproj", "{02F75F64-E7B7-9655-66CE-348B5FDB8592}"
EndProject
Global
	GlobalSection(SolutionConfigurationPlatforms) = preSolution
		Debug|Any CPU = Debug|Any CPU
		Release|Any CPU = Release|Any CPU
	EndGlobalSection
	GlobalSection(ProjectConfigurationPlatforms) = postSolution
		{BAAD720D-A714-488A-BA06-D097E2289E4A}.Debug|Any CPU.ActiveCfg = Debug|Any CPU
		{BAAD720D-A714-488A-BA06-D097E2289E4A}.Debug|Any CPU.Build.0 = Debug|Any CPU
		{BAAD720D-A714-488A-BA06-D097E2289E4A}.Release|Any CPU.ActiveCfg = Release|Any CPU
		{BAAD720D-A714-488A-BA06-D097E2289E4A}.Release|Any CPU.Build.0 = Release|Any CPU
		{62F11687-2E32-4E3B-8254-8D10BA4EEF60}.Debug|Any CPU.ActiveCfg = Debug|Any CPU
		{62F11687-2E32-4E3B-8254-8D10BA4EEF60}.Debug|Any CPU.Build.0 = Debug|Any CPU
		{62F11687-2E32-4E3B-8254-8D10BA4EEF60}.Release|Any CPU.ActiveCfg = Release|Any CPU
		{62F11687-2E32-4E3B-8254-8D10BA4EEF60}.Release|Any CPU.Build.0 = Release|Any CPU
		{DFE54CB2-0013-46A2-A31B-3D4B10540C69}.Debug|Any CPU.ActiveCfg = Debug|Any CPU
		{DFE54CB2-0013-46A2-A31B-3D4B10540C69}.Debug|Any CPU.Build.0 = Debug|Any CPU
		{DFE54CB2-0013-46A2-A31B-3D4B10540C69}.Release|Any CPU.ActiveCfg = Release|Any CPU
		{DFE54CB2-0013-46A2-A31B-3D4B10540C69}.Release|Any CPU.Build.0 = Release|Any CPU
		{630DA4CA-5E88-47D0-897D-62248331B118}.Debug|Any CPU.ActiveCfg = Debug|Any CPU
		{630DA4CA-5E88-47D0-897D-62248331B118}.Debug|Any CPU.Build.0 = Debug|Any CPU
		{630DA4CA-5E88-47D0-897D-62248331B118}.Release|Any CPU.ActiveCfg = Release|Any CPU
		{630DA4CA-5E88-47D0-897D-62248331B118}.Release|Any CPU.Build.0 = Release|Any CPU
		{014AD504-1257-4230-8C84-DE3B7E287510}.Debug|Any CPU.ActiveCfg = Debug|Any CPU
		{014AD504-1257-4230-8C84-DE3B7E287510}.Debug|Any CPU.Build.0 = Debug|Any CPU
		{014AD504-1257-4230-8C84-DE3B7E287510}.Release|Any CPU.ActiveCfg = Release|Any CPU
		{014AD504-1257-4230-8C84-DE3B7E287510}.Release|Any CPU.Build.0 = Release|Any CPU
		{1CA80EC2-4348-413A-B593-C8A89D9975E5}.Debug|Any CPU.ActiveCfg = Debug|Any CPU
		{1CA80EC2-4348-413A-B593-C8A89D9975E5}.Debug|Any CPU.Build.0 = Debug|Any CPU
		{1CA80EC2-4348-413A-B593-C8A89D9975E5}.Release|Any CPU.ActiveCfg = Release|Any CPU
		{1CA80EC2-4348-413A-B593-C8A89D9975E5}.Release|Any CPU.Build.0 = Release|Any CPU
		{D69AEBDB-A3B4-4733-9009-82E1C85ED93D}.Debug|Any CPU.ActiveCfg = Debug|Any CPU
		{D69AEBDB-A3B4-4733-9009-82E1C85ED93D}.Debug|Any CPU.Build.0 = Debug|Any CPU
		{D69AEBDB-A3B4-4733-9009-82E1C85ED93D}.Release|Any CPU.ActiveCfg = Release|Any CPU
		{D69AEBDB-A3B4-4733-9009-82E1C85ED93D}.Release|Any CPU.Build.0 = Release|Any CPU
		{2799B5EF-EBD1-4459-93FE-F8B97C6B90E7}.Debug|Any CPU.ActiveCfg = Debug|Any CPU
		{2799B5EF-EBD1-4459-93FE-F8B97C6B90E7}.Debug|Any CPU.Build.0 = Debug|Any CPU
		{2799B5EF-EBD1-4459-93FE-F8B97C6B90E7}.Release|Any CPU.ActiveCfg = Release|Any CPU
		{2799B5EF-EBD1-4459-93FE-F8B97C6B90E7}.Release|Any CPU.Build.0 = Release|Any CPU
		{02F75F64-E7B7-9655-66CE-348B5FDB8592}.Debug|Any CPU.ActiveCfg = Debug|Any CPU
		{02F75F64-E7B7-9655-66CE-348B5FDB8592}.Debug|Any CPU.Build.0 = Debug|Any CPU
		{02F75F64-E7B7-9655-66CE-348B5FDB8592}.Release|Any CPU.ActiveCfg = Release|Any CPU
		{02F75F64-E7B7-9655-66CE-348B5FDB8592}.Release|Any CPU.Build.0 = Release|Any CPU
	EndGlobalSection
	GlobalSection(SolutionProperties) = preSolution
		HideSolutionNode = FALSE
	EndGlobalSection
	GlobalSection(ExtensibilityGlobals) = postSolution
		SolutionGuid = {8ECE2DAF-B282-4901-82D0-57E2B21A0571}
	EndGlobalSection
EndGlobal
